{
  "name": "previewfile",
  "version": "1.0.0",
  "lockfileVersion": 2,
  "requires": true,
  "packages": {
    "": {
      "name": "previewfile",
      "version": "1.0.0",
      "license": "ISC",
      "dependencies": {
        "@js-preview/docx": "^1.0.2",
        "@js-preview/pdf": "^1.0.2"
      }
    },
    "node_modules/@js-preview/docx": {
      "version": "1.0.2",
      "resolved": "https://registry.npmmirror.com/@js-preview/docx/-/docx-1.0.2.tgz",
      "integrity": "sha512-DW1qUVn58se+lCAq0KczHwh1tPiJosDJye9wJE5orTZSSbfIOuWq3dvQwfqGrvl8CeeHDnB6gSTb2tPmX/Q/0w=="
    },
    "node_modules/@js-preview/pdf": {
      "version": "1.0.2",
      "resolved": "https://registry.npmmirror.com/@js-preview/pdf/-/pdf-1.0.2.tgz",
      "integrity": "sha512-9qb0HOEP6Pp41jhNCTuOsacG4qRbWNcGKKRBTkMN9sHAU4mV+HWrPGTWoR5GHKCTU0NUivmOL2QRuivPyWWYbg=="
    }
  },
  "dependencies": {
    "@js-preview/docx": {
      "version": "1.0.2",
      "resolved": "https://registry.npmmirror.com/@js-preview/docx/-/docx-1.0.2.tgz",
      "integrity": "sha512-DW1qUVn58se+lCAq0KczHwh1tPiJosDJye9wJE5orTZSSbfIOuWq3dvQwfqGrvl8CeeHDnB6gSTb2tPmX/Q/0w=="
    },
    "@js-preview/pdf": {
      "version": "1.0.2",
      "resolved": "https://registry.npmmirror.com/@js-preview/pdf/-/pdf-1.0.2.tgz",
      "integrity": "sha512-9qb0HOEP6Pp41jhNCTuOsacG4qRbWNcGKKRBTkMN9sHAU4mV+HWrPGTWoR5GHKCTU0NUivmOL2QRuivPyWWYbg=="
    }
  }
}
